
Microsoft Visual Studio Solution File, Format Version 12.00
# Visual Studio 15
VisualStudioVersion = 15.0.26124.0
MinimumVisualStudioVersion = 15.0.26124.0
Project("{2150E333-8FDC-42A3-9474-1A3956D46DE8}") = "src", "src", "{59D7CBF4-89A1-4B88-AD0D-244A69B1F74B}"
EndProject
Project("{FAE04EC0-301F-11D3-BF4B-00C04F79EFBC}") = "CephasPAD.FileStackSDK", "src\CephasPAD.FileStackSDK\CephasPAD.FileStackSDK.csproj", "{C46DE32E-51FD-440D-AC07-412028D2D545}"
EndProject
Project("{2150E333-8FDC-42A3-9474-1A3956D46DE8}") = "test", "test", "{511510F5-1B2F-4BEE-8045-379B6616E438}"
EndProject
Project("{FAE04EC0-301F-11D3-BF4B-00C04F79EFBC}") = "CephasPAD.FileStackSDK.Tests", "test\CephasPAD.FileStackSDK.Tests\CephasPAD.FileStackSDK.Tests.csproj", "{428156F1-BFD1-4C7E-B4EC-9640FAE031B7}"
EndProject
Global
	GlobalSection(SolutionConfigurationPlatforms) = preSolution
		Debug|Any CPU = Debug|Any CPU
		Debug|x64 = Debug|x64
		Debug|x86 = Debug|x86
		Release|Any CPU = Release|Any CPU
		Release|x64 = Release|x64
		Release|x86 = Release|x86
	EndGlobalSection
	GlobalSection(SolutionProperties) = preSolution
		HideSolutionNode = FALSE
	EndGlobalSection
	GlobalSection(ProjectConfigurationPlatforms) = postSolution
		{C46DE32E-51FD-440D-AC07-412028D2D545}.Debug|Any CPU.ActiveCfg = Debug|Any CPU
		{C46DE32E-51FD-440D-AC07-412028D2D545}.Debug|Any CPU.Build.0 = Debug|Any CPU
		{C46DE32E-51FD-440D-AC07-412028D2D545}.Debug|x64.ActiveCfg = Debug|x64
		{C46DE32E-51FD-440D-AC07-412028D2D545}.Debug|x64.Build.0 = Debug|x64
		{C46DE32E-51FD-440D-AC07-412028D2D545}.Debug|x86.ActiveCfg = Debug|x86
		{C46DE32E-51FD-440D-AC07-412028D2D545}.Debug|x86.Build.0 = Debug|x86
		{C46DE32E-51FD-440D-AC07-412028D2D545}.Release|Any CPU.ActiveCfg = Release|Any CPU
		{C46DE32E-51FD-440D-AC07-412028D2D545}.Release|Any CPU.Build.0 = Release|Any CPU
		{C46DE32E-51FD-440D-AC07-412028D2D545}.Release|x64.ActiveCfg = Release|x64
		{C46DE32E-51FD-440D-AC07-412028D2D545}.Release|x64.Build.0 = Release|x64
		{C46DE32E-51FD-440D-AC07-412028D2D545}.Release|x86.ActiveCfg = Release|x86
		{C46DE32E-51FD-440D-AC07-412028D2D545}.Release|x86.Build.0 = Release|x86
		{428156F1-BFD1-4C7E-B4EC-9640FAE031B7}.Debug|Any CPU.ActiveCfg = Debug|Any CPU
		{428156F1-BFD1-4C7E-B4EC-9640FAE031B7}.Debug|Any CPU.Build.0 = Debug|Any CPU
		{428156F1-BFD1-4C7E-B4EC-9640FAE031B7}.Debug|x64.ActiveCfg = Debug|x64
		{428156F1-BFD1-4C7E-B4EC-9640FAE031B7}.Debug|x64.Build.0 = Debug|x64
		{428156F1-BFD1-4C7E-B4EC-9640FAE031B7}.Debug|x86.ActiveCfg = Debug|x86
		{428156F1-BFD1-4C7E-B4EC-9640FAE031B7}.Debug|x86.Build.0 = Debug|x86
		{428156F1-BFD1-4C7E-B4EC-9640FAE031B7}.Release|Any CPU.ActiveCfg = Release|Any CPU
		{428156F1-BFD1-4C7E-B4EC-9640FAE031B7}.Release|Any CPU.Build.0 = Release|Any CPU
		{428156F1-BFD1-4C7E-B4EC-9640FAE031B7}.Release|x64.ActiveCfg = Release|x64
		{428156F1-BFD1-4C7E-B4EC-9640FAE031B7}.Release|x64.Build.0 = Release|x64
		{428156F1-BFD1-4C7E-B4EC-9640FAE031B7}.Release|x86.ActiveCfg = Release|x86
		{428156F1-BFD1-4C7E-B4EC-9640FAE031B7}.Release|x86.Build.0 = Release|x86
	EndGlobalSection
	GlobalSection(NestedProjects) = preSolution
		{C46DE32E-51FD-440D-AC07-412028D2D545} = {59D7CBF4-89A1-4B88-AD0D-244A69B1F74B}
		{428156F1-BFD1-4C7E-B4EC-9640FAE031B7} = {511510F5-1B2F-4BEE-8045-379B6616E438}
	EndGlobalSection
EndGlobal
